
Microsoft Visual Studio Solution File, Format Version 12.00
# Visual Studio Version 16
VisualStudioVersion = 16.0.32602.291
MinimumVisualStudioVersion = 10.0.40219.1
Project("{9A19103F-16F7-4668-BE54-9A1E7A4F7556}") = "KampIntro1", "KampIntro1\KampIntro1.csproj", "{1BC0170D-B00B-48A9-90D4-0C8951B4988D}"
EndProject
Project("{9A19103F-16F7-4668-BE54-9A1E7A4F7556}") = "Donguler", "Donguler\Donguler.csproj", "{3E9FEB9C-63E6-4F5A-B3D0-E86BF89A2B88}"
EndProject
Project("{9A19103F-16F7-4668-BE54-9A1E7A4F7556}") = "ClassIntro", "ClassIntro\ClassIntro.csproj", "{4FE4B35A-7669-484B-A207-AD4EF08E52AA}"
EndProject
Project("{9A19103F-16F7-4668-BE54-9A1E7A4F7556}") = "ders2odev6", "ders2odev6\ders2odev6.csproj", "{42572A74-2B03-4337-8E9C-7F984C2D2622}"
EndProject
Project("{9A19103F-16F7-4668-BE54-9A1E7A4F7556}") = "Metotlar", "Metotlar\Metotlar.csproj", "{D963343F-18BD-4D90-B17E-CB3D3121E5DA}"
EndProject
Project("{9A19103F-16F7-4668-BE54-9A1E7A4F7556}") = "Matematik", "Matematik\Matematik.csproj", "{7DC9A565-0232-418E-9FD6-FBE0F3299A57}"
EndProject
Project("{9A19103F-16F7-4668-BE54-9A1E7A4F7556}") = "DegerVeReferansTipler", "DegerVeReferansTipler\DegerVeReferansTipler.csproj", "{3B66F47E-690C-40B7-8725-388EE07E419F}"
EndProject
Project("{9A19103F-16F7-4668-BE54-9A1E7A4F7556}") = "Bankatakip", "Bankatakip\Bankatakip.csproj", "{E100BF4B-21E6-4541-A5A7-59E0EF51685E}"
EndProject
Project("{FAE04EC0-301F-11D3-BF4B-00C04F79EFBC}") = "OOP1", "OOP1\OOP1.csproj", "{4E19F872-E9C7-47A5-B256-852E6EDC39DF}"
EndProject
Global
	GlobalSection(SolutionConfigurationPlatforms) = preSolution
		Debug|Any CPU = Debug|Any CPU
		Release|Any CPU = Release|Any CPU
	EndGlobalSection
	GlobalSection(ProjectConfigurationPlatforms) = postSolution
		{1BC0170D-B00B-48A9-90D4-0C8951B4988D}.Debug|Any CPU.ActiveCfg = Debug|Any CPU
		{1BC0170D-B00B-48A9-90D4-0C8951B4988D}.Debug|Any CPU.Build.0 = Debug|Any CPU
		{1BC0170D-B00B-48A9-90D4-0C8951B4988D}.Release|Any CPU.ActiveCfg = Release|Any CPU
		{1BC0170D-B00B-48A9-90D4-0C8951B4988D}.Release|Any CPU.Build.0 = Release|Any CPU
		{3E9FEB9C-63E6-4F5A-B3D0-E86BF89A2B88}.Debug|Any CPU.ActiveCfg = Debug|Any CPU
		{3E9FEB9C-63E6-4F5A-B3D0-E86BF89A2B88}.Debug|Any CPU.Build.0 = Debug|Any CPU
		{3E9FEB9C-63E6-4F5A-B3D0-E86BF89A2B88}.Release|Any CPU.ActiveCfg = Release|Any CPU
		{3E9FEB9C-63E6-4F5A-B3D0-E86BF89A2B88}.Release|Any CPU.Build.0 = Release|Any CPU
		{4FE4B35A-7669-484B-A207-AD4EF08E52AA}.Debug|Any CPU.ActiveCfg = Debug|Any CPU
		{4FE4B35A-7669-484B-A207-AD4EF08E52AA}.Debug|Any CPU.Build.0 = Debug|Any CPU
		{4FE4B35A-7669-484B-A207-AD4EF08E52AA}.Release|Any CPU.ActiveCfg = Release|Any CPU
		{4FE4B35A-7669-484B-A207-AD4EF08E52AA}.Release|Any CPU.Build.0 = Release|Any CPU
		{42572A74-2B03-4337-8E9C-7F984C2D2622}.Debug|Any CPU.ActiveCfg = Debug|Any CPU
		{42572A74-2B03-4337-8E9C-7F984C2D2622}.Debug|Any CPU.Build.0 = Debug|Any CPU
		{42572A74-2B03-4337-8E9C-7F984C2D2622}.Release|Any CPU.ActiveCfg = Release|Any CPU
		{42572A74-2B03-4337-8E9C-7F984C2D2622}.Release|Any CPU.Build.0 = Release|Any CPU
		{D963343F-18BD-4D90-B17E-CB3D3121E5DA}.Debug|Any CPU.ActiveCfg = Debug|Any CPU
		{D963343F-18BD-4D90-B17E-CB3D3121E5DA}.Debug|Any CPU.Build.0 = Debug|Any CPU
		{D963343F-18BD-4D90-B17E-CB3D3121E5DA}.Release|Any CPU.ActiveCfg = Release|Any CPU
		{D963343F-18BD-4D90-B17E-CB3D3121E5DA}.Release|Any CPU.Build.0 = Release|Any CPU
		{7DC9A565-0232-418E-9FD6-FBE0F3299A57}.Debug|Any CPU.ActiveCfg = Debug|Any CPU
		{7DC9A565-0232-418E-9FD6-FBE0F3299A57}.Debug|Any CPU.Build.0 = Debug|Any CPU
		{7DC9A565-0232-418E-9FD6-FBE0F3299A57}.Release|Any CPU.ActiveCfg = Release|Any CPU
		{7DC9A565-0232-418E-9FD6-FBE0F3299A57}.Release|Any CPU.Build.0 = Release|Any CPU
		{3B66F47E-690C-40B7-8725-388EE07E419F}.Debug|Any CPU.ActiveCfg = Debug|Any CPU
		{3B66F47E-690C-40B7-8725-388EE07E419F}.Debug|Any CPU.Build.0 = Debug|Any CPU
		{3B66F47E-690C-40B7-8725-388EE07E419F}.Release|Any CPU.ActiveCfg = Release|Any CPU
		{3B66F47E-690C-40B7-8725-388EE07E419F}.Release|Any CPU.Build.0 = Release|Any CPU
		{E100BF4B-21E6-4541-A5A7-59E0EF51685E}.Debug|Any CPU.ActiveCfg = Debug|Any CPU
		{E100BF4B-21E6-4541-A5A7-59E0EF51685E}.Debug|Any CPU.Build.0 = Debug|Any CPU
		{E100BF4B-21E6-4541-A5A7-59E0EF51685E}.Release|Any CPU.ActiveCfg = Release|Any CPU
		{E100BF4B-21E6-4541-A5A7-59E0EF51685E}.Release|Any CPU.Build.0 = Release|Any CPU
		{4E19F872-E9C7-47A5-B256-852E6EDC39DF}.Debug|Any CPU.ActiveCfg = Debug|Any CPU
		{4E19F872-E9C7-47A5-B256-852E6EDC39DF}.Debug|Any CPU.Build.0 = Debug|Any CPU
		{4E19F872-E9C7-47A5-B256-852E6EDC39DF}.Release|Any CPU.ActiveCfg = Release|Any CPU
		{4E19F872-E9C7-47A5-B256-852E6EDC39DF}.Release|Any CPU.Build.0 = Release|Any CPU
	EndGlobalSection
	GlobalSection(SolutionProperties) = preSolution
		HideSolutionNode = FALSE
	EndGlobalSection
	GlobalSection(ExtensibilityGlobals) = postSolution
		SolutionGuid = {70EF6199-0E86-461B-A025-0BFDCBF22433}
	EndGlobalSection
EndGlobal
